// !$*UTF8*$!
{
	archiveVersion = 1;
	classes = {
	};
	objectVersion = 50;
	objects = {

/* Begin PBXBuildFile section */
		41156EA525004D1300AD6AA3 /* AppDelegate.swift in Sources */ = {isa = PBXBuildFile; fileRef = 41156EA425004D1300AD6AA3 /* AppDelegate.swift */; };
		41156EA725004D1300AD6AA3 /* SceneDelegate.swift in Sources */ = {isa = PBXBuildFile; fileRef = 41156EA625004D1300AD6AA3 /* SceneDelegate.swift */; };
		41156EA925004D1300AD6AA3 /* ViewController.swift in Sources */ = {isa = PBXBuildFile; fileRef = 41156EA825004D1300AD6AA3 /* ViewController.swift */; };
		41156EAC25004D1300AD6AA3 /* Main.storyboard in Resources */ = {isa = PBXBuildFile; fileRef = 41156EAA25004D1300AD6AA3 /* Main.storyboard */; };
		41156EAE25004D1600AD6AA3 /* Assets.xcassets in Resources */ = {isa = PBXBuildFile; fileRef = 41156EAD25004D1600AD6AA3 /* Assets.xcassets */; };
		41156EB125004D1600AD6AA3 /* LaunchScreen.storyboard in Resources */ = {isa = PBXBuildFile; fileRef = 41156EAF25004D1600AD6AA3 /* LaunchScreen.storyboard */; };
		41156EBC25004D1600AD6AA3 /* contactsTests.swift in Sources */ = {isa = PBXBuildFile; fileRef = 41156EBB25004D1600AD6AA3 /* contactsTests.swift */; };
		41156EC725004D1600AD6AA3 /* contactsUITests.swift in Sources */ = {isa = PBXBuildFile; fileRef = 41156EC625004D1600AD6AA3 /* contactsUITests.swift */; };
		41156ED925004DBD00AD6AA3 /* ContactListViewController.swift in Sources */ = {isa = PBXBuildFile; fileRef = 41156ED825004DBD00AD6AA3 /* ContactListViewController.swift */; };
		41156EDB250051A600AD6AA3 /* ContactListViewModel.swift in Sources */ = {isa = PBXBuildFile; fileRef = 41156EDA250051A600AD6AA3 /* ContactListViewModel.swift */; };
		41156EDE2500562E00AD6AA3 /* Contact.swift in Sources */ = {isa = PBXBuildFile; fileRef = 41156EDD2500562E00AD6AA3 /* Contact.swift */; };
		41156EE12500797D00AD6AA3 /* ContactTableViewCell.swift in Sources */ = {isa = PBXBuildFile; fileRef = 41156EE02500797D00AD6AA3 /* ContactTableViewCell.swift */; };
/* End PBXBuildFile section */

/* Begin PBXContainerItemProxy section */
		41156EB825004D1600AD6AA3 /* PBXContainerItemProxy */ = {
			isa = PBXContainerItemProxy;
			containerPortal = 41156E9925004D1300AD6AA3 /* Project object */;
			proxyType = 1;
			remoteGlobalIDString = 41156EA025004D1300AD6AA3;
			remoteInfo = contacts;
		};
		41156EC325004D1600AD6AA3 /* PBXContainerItemProxy */ = {
			isa = PBXContainerItemProxy;
			containerPortal = 41156E9925004D1300AD6AA3 /* Project object */;
			proxyType = 1;
			remoteGlobalIDString = 41156EA025004D1300AD6AA3;
			remoteInfo = contacts;
		};
/* End PBXContainerItemProxy section */

/* Begin PBXFileReference section */
		41156EA125004D1300AD6AA3 /* mycontacts.app */ = {isa = PBXFileReference; explicitFileType = wrapper.application; includeInIndex = 0; path = mycontacts.app; sourceTree = BUILT_PRODUCTS_DIR; };
		41156EA425004D1300AD6AA3 /* AppDelegate.swift */ = {isa = PBXFileReference; lastKnownFileType = sourcecode.swift; path = AppDelegate.swift; sourceTree = "<group>"; };
		41156EA625004D1300AD6AA3 /* SceneDelegate.swift */ = {isa = PBXFileReference; lastKnownFileType = sourcecode.swift; path = SceneDelegate.swift; sourceTree = "<group>"; };
		41156EA825004D1300AD6AA3 /* ViewController.swift */ = {isa = PBXFileReference; lastKnownFileType = sourcecode.swift; path = ViewController.swift; sourceTree = "<group>"; };
		41156EAB25004D1300AD6AA3 /* Base */ = {isa = PBXFileReference; lastKnownFileType = file.storyboard; name = Base; path = Base.lproj/Main.storyboard; sourceTree = "<group>"; };
		41156EAD25004D1600AD6AA3 /* Assets.xcassets */ = {isa = PBXFileReference; lastKnownFileType = folder.assetcatalog; path = Assets.xcassets; sourceTree = "<group>"; };
		41156EB025004D1600AD6AA3 /* Base */ = {isa = PBXFileReference; lastKnownFileType = file.storyboard; name = Base; path = Base.lproj/LaunchScreen.storyboard; sourceTree = "<group>"; };
		41156EB225004D1600AD6AA3 /* Info.plist */ = {isa = PBXFileReference; lastKnownFileType = text.plist.xml; path = Info.plist; sourceTree = "<group>"; };
		41156EB725004D1600AD6AA3 /* mycontactsTests.xctest */ = {isa = PBXFileReference; explicitFileType = wrapper.cfbundle; includeInIndex = 0; path = mycontactsTests.xctest; sourceTree = BUILT_PRODUCTS_DIR; };
		41156EBB25004D1600AD6AA3 /* contactsTests.swift */ = {isa = PBXFileReference; lastKnownFileType = sourcecode.swift; path = contactsTests.swift; sourceTree = "<group>"; };
		41156EBD25004D1600AD6AA3 /* Info.plist */ = {isa = PBXFileReference; lastKnownFileType = text.plist.xml; path = Info.plist; sourceTree = "<group>"; };
		41156EC225004D1600AD6AA3 /* mycontactsUITests.xctest */ = {isa = PBXFileReference; explicitFileType = wrapper.cfbundle; includeInIndex = 0; path = mycontactsUITests.xctest; sourceTree = BUILT_PRODUCTS_DIR; };
		41156EC625004D1600AD6AA3 /* contactsUITests.swift */ = {isa = PBXFileReference; lastKnownFileType = sourcecode.swift; path = contactsUITests.swift; sourceTree = "<group>"; };
		41156EC825004D1600AD6AA3 /* Info.plist */ = {isa = PBXFileReference; lastKnownFileType = text.plist.xml; path = Info.plist; sourceTree = "<group>"; };
		41156ED825004DBD00AD6AA3 /* ContactListViewController.swift */ = {isa = PBXFileReference; lastKnownFileType = sourcecode.swift; path = ContactListViewController.swift; sourceTree = "<group>"; };
		41156EDA250051A600AD6AA3 /* ContactListViewModel.swift */ = {isa = PBXFileReference; lastKnownFileType = sourcecode.swift; path = ContactListViewModel.swift; sourceTree = "<group>"; };
		41156EDD2500562E00AD6AA3 /* Contact.swift */ = {isa = PBXFileReference; lastKnownFileType = sourcecode.swift; path = Contact.swift; sourceTree = "<group>"; };
		41156EE02500797D00AD6AA3 /* ContactTableViewCell.swift */ = {isa = PBXFileReference; lastKnownFileType = sourcecode.swift; path = ContactTableViewCell.swift; sourceTree = "<group>"; };
/* End PBXFileReference section */

/* Begin PBXFrameworksBuildPhase section */
		41156E9E25004D1300AD6AA3 /* Frameworks */ = {
			isa = PBXFrameworksBuildPhase;
			buildActionMask = 2147483647;
			files = (
			);
			runOnlyForDeploymentPostprocessing = 0;
		};
		41156EB425004D1600AD6AA3 /* Frameworks */ = {
			isa = PBXFrameworksBuildPhase;
			buildActionMask = 2147483647;
			files = (
			);
			runOnlyForDeploymentPostprocessing = 0;
		};
		41156EBF25004D1600AD6AA3 /* Frameworks */ = {
			isa = PBXFrameworksBuildPhase;
			buildActionMask = 2147483647;
			files = (
			);
			runOnlyForDeploymentPostprocessing = 0;
		};
/* End PBXFrameworksBuildPhase section */

/* Begin PBXGroup section */
		41156E9825004D1300AD6AA3 = {
			isa = PBXGroup;
			children = (
				41156EA325004D1300AD6AA3 /* contacts */,
				41156EBA25004D1600AD6AA3 /* contactsTests */,
				41156EC525004D1600AD6AA3 /* contactsUITests */,
				41156EA225004D1300AD6AA3 /* Products */,
			);
			sourceTree = "<group>";
		};
		41156EA225004D1300AD6AA3 /* Products */ = {
			isa = PBXGroup;
			children = (
				41156EA125004D1300AD6AA3 /* mycontacts.app */,
				41156EB725004D1600AD6AA3 /* mycontactsTests.xctest */,
				41156EC225004D1600AD6AA3 /* mycontactsUITests.xctest */,
			);
			name = Products;
			sourceTree = "<group>";
		};
		41156EA325004D1300AD6AA3 /* contacts */ = {
			isa = PBXGroup;
			children = (
				41156EDC250055FB00AD6AA3 /* Models */,
				41156ED425004D9700AD6AA3 /* Scenes */,
				41156EA425004D1300AD6AA3 /* AppDelegate.swift */,
				41156EA625004D1300AD6AA3 /* SceneDelegate.swift */,
				41156EA825004D1300AD6AA3 /* ViewController.swift */,
				41156EAA25004D1300AD6AA3 /* Main.storyboard */,
				41156EAD25004D1600AD6AA3 /* Assets.xcassets */,
				41156EAF25004D1600AD6AA3 /* LaunchScreen.storyboard */,
				41156EB225004D1600AD6AA3 /* Info.plist */,
			);
			path = contacts;
			sourceTree = "<group>";
		};
		41156EBA25004D1600AD6AA3 /* contactsTests */ = {
			isa = PBXGroup;
			children = (
				41156EBB25004D1600AD6AA3 /* contactsTests.swift */,
				41156EBD25004D1600AD6AA3 /* Info.plist */,
			);
			path = contactsTests;
			sourceTree = "<group>";
		};
		41156EC525004D1600AD6AA3 /* contactsUITests */ = {
			isa = PBXGroup;
			children = (
				41156EC625004D1600AD6AA3 /* contactsUITests.swift */,
				41156EC825004D1600AD6AA3 /* Info.plist */,
			);
			path = contactsUITests;
			sourceTree = "<group>";
		};
		41156ED425004D9700AD6AA3 /* Scenes */ = {
			isa = PBXGroup;
			children = (
				41156ED525004D9E00AD6AA3 /* ContactList */,
			);
			path = Scenes;
			sourceTree = "<group>";
		};
		41156ED525004D9E00AD6AA3 /* ContactList */ = {
			isa = PBXGroup;
			children = (
				41156EDF2500795A00AD6AA3 /* Cell */,
				41156ED725004DAB00AD6AA3 /* ViewModel */,
				41156ED625004DA600AD6AA3 /* View */,
			);
			path = ContactList;
			sourceTree = "<group>";
		};
		41156ED625004DA600AD6AA3 /* View */ = {
			isa = PBXGroup;
			children = (
				41156ED825004DBD00AD6AA3 /* ContactListViewController.swift */,
			);
			path = View;
			sourceTree = "<group>";
		};
		41156ED725004DAB00AD6AA3 /* ViewModel */ = {
			isa = PBXGroup;
			children = (
				41156EDA250051A600AD6AA3 /* ContactListViewModel.swift */,
			);
			path = ViewModel;
			sourceTree = "<group>";
		};
		41156EDC250055FB00AD6AA3 /* Models */ = {
			isa = PBXGroup;
			children = (
				41156EDD2500562E00AD6AA3 /* Contact.swift */,
			);
			path = Models;
			sourceTree = "<group>";
		};
		41156EDF2500795A00AD6AA3 /* Cell */ = {
			isa = PBXGroup;
			children = (
				41156EE02500797D00AD6AA3 /* ContactTableViewCell.swift */,
			);
			path = Cell;
			sourceTree = "<group>";
		};
/* End PBXGroup section */

/* Begin PBXNativeTarget section */
		41156EA025004D1300AD6AA3 /* mycontacts */ = {
			isa = PBXNativeTarget;
			buildConfigurationList = 41156ECB25004D1600AD6AA3 /* Build configuration list for PBXNativeTarget "mycontacts" */;
			buildPhases = (
				41156E9D25004D1300AD6AA3 /* Sources */,
				41156E9E25004D1300AD6AA3 /* Frameworks */,
				41156E9F25004D1300AD6AA3 /* Resources */,
			);
			buildRules = (
			);
			dependencies = (
			);
			name = mycontacts;
			productName = contacts;
			productReference = 41156EA125004D1300AD6AA3 /* mycontacts.app */;
			productType = "com.apple.product-type.application";
		};
		41156EB625004D1600AD6AA3 /* mycontactsTests */ = {
			isa = PBXNativeTarget;
			buildConfigurationList = 41156ECE25004D1600AD6AA3 /* Build configuration list for PBXNativeTarget "mycontactsTests" */;
			buildPhases = (
				41156EB325004D1600AD6AA3 /* Sources */,
				41156EB425004D1600AD6AA3 /* Frameworks */,
				41156EB525004D1600AD6AA3 /* Resources */,
			);
			buildRules = (
			);
			dependencies = (
				41156EB925004D1600AD6AA3 /* PBXTargetDependency */,
			);
			name = mycontactsTests;
			productName = contactsTests;
			productReference = 41156EB725004D1600AD6AA3 /* mycontactsTests.xctest */;
			productType = "com.apple.product-type.bundle.unit-test";
		};
		41156EC125004D1600AD6AA3 /* mycontactsUITests */ = {
			isa = PBXNativeTarget;
			buildConfigurationList = 41156ED125004D1600AD6AA3 /* Build configuration list for PBXNativeTarget "mycontactsUITests" */;
			buildPhases = (
				41156EBE25004D1600AD6AA3 /* Sources */,
				41156EBF25004D1600AD6AA3 /* Frameworks */,
				41156EC025004D1600AD6AA3 /* Resources */,
			);
			buildRules = (
			);
			dependencies = (
				41156EC425004D1600AD6AA3 /* PBXTargetDependency */,
			);
			name = mycontactsUITests;
			productName = contactsUITests;
			productReference = 41156EC225004D1600AD6AA3 /* mycontactsUITests.xctest */;
			productType = "com.apple.product-type.bundle.ui-testing";
		};
/* End PBXNativeTarget section */

/* Begin PBXProject section */
		41156E9925004D1300AD6AA3 /* Project object */ = {
			isa = PBXProject;
			attributes = {
				LastSwiftUpdateCheck = 1160;
				LastUpgradeCheck = 1160;
				ORGANIZATIONNAME = "Ryniere dos Santos Silva";
				TargetAttributes = {
					41156EA025004D1300AD6AA3 = {
						CreatedOnToolsVersion = 11.6;
					};
					41156EB625004D1600AD6AA3 = {
						CreatedOnToolsVersion = 11.6;
						TestTargetID = 41156EA025004D1300AD6AA3;
					};
					41156EC125004D1600AD6AA3 = {
						CreatedOnToolsVersion = 11.6;
						TestTargetID = 41156EA025004D1300AD6AA3;
					};
				};
			};
			buildConfigurationList = 41156E9C25004D1300AD6AA3 /* Build configuration list for PBXProject "mycontacts" */;
			compatibilityVersion = "Xcode 9.3";
			developmentRegion = en;
			hasScannedForEncodings = 0;
			knownRegions = (
				en,
				Base,
			);
			mainGroup = 41156E9825004D1300AD6AA3;
			productRefGroup = 41156EA225004D1300AD6AA3 /* Products */;
			projectDirPath = "";
			projectRoot = "";
			targets = (
				41156EA025004D1300AD6AA3 /* mycontacts */,
				41156EB625004D1600AD6AA3 /* mycontactsTests */,
				41156EC125004D1600AD6AA3 /* mycontactsUITests */,
			);
		};
/* End PBXProject section */

/* Begin PBXResourcesBuildPhase section */
		41156E9F25004D1300AD6AA3 /* Resources */ = {
			isa = PBXResourcesBuildPhase;
			buildActionMask = 2147483647;
			files = (
				41156EB125004D1600AD6AA3 /* LaunchScreen.storyboard in Resources */,
				41156EAE25004D1600AD6AA3 /* Assets.xcassets in Resources */,
				41156EAC25004D1300AD6AA3 /* Main.storyboard in Resources */,
			);
			runOnlyForDeploymentPostprocessing = 0;
		};
		41156EB525004D1600AD6AA3 /* Resources */ = {
			isa = PBXResourcesBuildPhase;
			buildActionMask = 2147483647;
			files = (
			);
			runOnlyForDeploymentPostprocessing = 0;
		};
		41156EC025004D1600AD6AA3 /* Resources */ = {
			isa = PBXResourcesBuildPhase;
			buildActionMask = 2147483647;
			files = (
			);
			runOnlyForDeploymentPostprocessing = 0;
		};
/* End PBXResourcesBuildPhase section */

/* Begin PBXSourcesBuildPhase section */
		41156E9D25004D1300AD6AA3 /* Sources */ = {
			isa = PBXSourcesBuildPhase;
			buildActionMask = 2147483647;
			files = (
				41156EDE2500562E00AD6AA3 /* Contact.swift in Sources */,
				41156EDB250051A600AD6AA3 /* ContactListViewModel.swift in Sources */,
				41156EA925004D1300AD6AA3 /* ViewController.swift in Sources */,
				41156ED925004DBD00AD6AA3 /* ContactListViewController.swift in Sources */,
				41156EE12500797D00AD6AA3 /* ContactTableViewCell.swift in Sources */,
				41156EA525004D1300AD6AA3 /* AppDelegate.swift in Sources */,
				41156EA725004D1300AD6AA3 /* SceneDelegate.swift in Sources */,
			);
			runOnlyForDeploymentPostprocessing = 0;
		};
		41156EB325004D1600AD6AA3 /* Sources */ = {
			isa = PBXSourcesBuildPhase;
			buildActionMask = 2147483647;
			files = (
				41156EBC25004D1600AD6AA3 /* contactsTests.swift in Sources */,
			);
			runOnlyForDeploymentPostprocessing = 0;
		};
		41156EBE25004D1600AD6AA3 /* Sources */ = {
			isa = PBXSourcesBuildPhase;
			buildActionMask = 2147483647;
			files = (
				41156EC725004D1600AD6AA3 /* contactsUITests.swift in Sources */,
			);
			runOnlyForDeploymentPostprocessing = 0;
		};
/* End PBXSourcesBuildPhase section */

/* Begin PBXTargetDependency section */
		41156EB925004D1600AD6AA3 /* PBXTargetDependency */ = {
			isa = PBXTargetDependency;
			target = 41156EA025004D1300AD6AA3 /* mycontacts */;
			targetProxy = 41156EB825004D1600AD6AA3 /* PBXContainerItemProxy */;
		};
		41156EC425004D1600AD6AA3 /* PBXTargetDependency */ = {
			isa = PBXTargetDependency;
			target = 41156EA025004D1300AD6AA3 /* mycontacts */;
			targetProxy = 41156EC325004D1600AD6AA3 /* PBXContainerItemProxy */;
		};
/* End PBXTargetDependency section */

/* Begin PBXVariantGroup section */
		41156EAA25004D1300AD6AA3 /* Main.storyboard */ = {
			isa = PBXVariantGroup;
			children = (
				41156EAB25004D1300AD6AA3 /* Base */,
			);
			name = Main.storyboard;
			sourceTree = "<group>";
		};
		41156EAF25004D1600AD6AA3 /* LaunchScreen.storyboard */ = {
			isa = PBXVariantGroup;
			children = (
				41156EB025004D1600AD6AA3 /* Base */,
			);
			name = LaunchScreen.storyboard;
			sourceTree = "<group>";
		};
/* End PBXVariantGroup section */

/* Begin XCBuildConfiguration section */
		41156EC925004D1600AD6AA3 /* Debug */ = {
			isa = XCBuildConfiguration;
			buildSettings = {
				ALWAYS_SEARCH_USER_PATHS = NO;
				CLANG_ANALYZER_NONNULL = YES;
				CLANG_ANALYZER_NUMBER_OBJECT_CONVERSION = YES_AGGRESSIVE;
				CLANG_CXX_LANGUAGE_STANDARD = "gnu++14";
				CLANG_CXX_LIBRARY = "libc++";
				CLANG_ENABLE_MODULES = YES;
				CLANG_ENABLE_OBJC_ARC = YES;
				CLANG_ENABLE_OBJC_WEAK = YES;
				CLANG_WARN_BLOCK_CAPTURE_AUTORELEASING = YES;
				CLANG_WARN_BOOL_CONVERSION = YES;
				CLANG_WARN_COMMA = YES;
				CLANG_WARN_CONSTANT_CONVERSION = YES;
				CLANG_WARN_DEPRECATED_OBJC_IMPLEMENTATIONS = YES;
				CLANG_WARN_DIRECT_OBJC_ISA_USAGE = YES_ERROR;
				CLANG_WARN_DOCUMENTATION_COMMENTS = YES;
				CLANG_WARN_EMPTY_BODY = YES;
				CLANG_WARN_ENUM_CONVERSION = YES;
				CLANG_WARN_INFINITE_RECURSION = YES;
				CLANG_WARN_INT_CONVERSION = YES;
				CLANG_WARN_NON_LITERAL_NULL_CONVERSION = YES;
				CLANG_WARN_OBJC_IMPLICIT_RETAIN_SELF = YES;
				CLANG_WARN_OBJC_LITERAL_CONVERSION = YES;
				CLANG_WARN_OBJC_ROOT_CLASS = YES_ERROR;
				CLANG_WARN_RANGE_LOOP_ANALYSIS = YES;
				CLANG_WARN_STRICT_PROTOTYPES = YES;
				CLANG_WARN_SUSPICIOUS_MOVE = YES;
				CLANG_WARN_UNGUARDED_AVAILABILITY = YES_AGGRESSIVE;
				CLANG_WARN_UNREACHABLE_CODE = YES;
				CLANG_WARN__DUPLICATE_METHOD_MATCH = YES;
				COPY_PHASE_STRIP = NO;
				DEBUG_INFORMATION_FORMAT = dwarf;
				ENABLE_STRICT_OBJC_MSGSEND = YES;
				ENABLE_TESTABILITY = YES;
				GCC_C_LANGUAGE_STANDARD = gnu11;
				GCC_DYNAMIC_NO_PIC = NO;
				GCC_NO_COMMON_BLOCKS = YES;
				GCC_OPTIMIZATION_LEVEL = 0;
				GCC_PREPROCESSOR_DEFINITIONS = (
					"DEBUG=1",
					"$(inherited)",
				);
				GCC_WARN_64_TO_32_BIT_CONVERSION = YES;
				GCC_WARN_ABOUT_RETURN_TYPE = YES_ERROR;
				GCC_WARN_UNDECLARED_SELECTOR = YES;
				GCC_WARN_UNINITIALIZED_AUTOS = YES_AGGRESSIVE;
				GCC_WARN_UNUSED_FUNCTION = YES;
				GCC_WARN_UNUSED_VARIABLE = YES;
				IPHONEOS_DEPLOYMENT_TARGET = 13.6;
				MTL_ENABLE_DEBUG_INFO = INCLUDE_SOURCE;
				MTL_FAST_MATH = YES;
				ONLY_ACTIVE_ARCH = YES;
				SDKROOT = iphoneos;
				SWIFT_ACTIVE_COMPILATION_CONDITIONS = DEBUG;
				SWIFT_OPTIMIZATION_LEVEL = "-Onone";
			};
			name = Debug;
		};
		41156ECA25004D1600AD6AA3 /* Release */ = {
			isa = XCBuildConfiguration;
			buildSettings = {
				ALWAYS_SEARCH_USER_PATHS = NO;
				CLANG_ANALYZER_NONNULL = YES;
				CLANG_ANALYZER_NUMBER_OBJECT_CONVERSION = YES_AGGRESSIVE;
				CLANG_CXX_LANGUAGE_STANDARD = "gnu++14";
				CLANG_CXX_LIBRARY = "libc++";
				CLANG_ENABLE_MODULES = YES;
				CLANG_ENABLE_OBJC_ARC = YES;
				CLANG_ENABLE_OBJC_WEAK = YES;
				CLANG_WARN_BLOCK_CAPTURE_AUTORELEASING = YES;
				CLANG_WARN_BOOL_CONVERSION = YES;
				CLANG_WARN_COMMA = YES;
				CLANG_WARN_CONSTANT_CONVERSION = YES;
				CLANG_WARN_DEPRECATED_OBJC_IMPLEMENTATIONS = YES;
				CLANG_WARN_DIRECT_OBJC_ISA_USAGE = YES_ERROR;
				CLANG_WARN_DOCUMENTATION_COMMENTS = YES;
				CLANG_WARN_EMPTY_BODY = YES;
				CLANG_WARN_ENUM_CONVERSION = YES;
				CLANG_WARN_INFINITE_RECURSION = YES;
				CLANG_WARN_INT_CONVERSION = YES;
				CLANG_WARN_NON_LITERAL_NULL_CONVERSION = YES;
				CLANG_WARN_OBJC_IMPLICIT_RETAIN_SELF = YES;
				CLANG_WARN_OBJC_LITERAL_CONVERSION = YES;
				CLANG_WARN_OBJC_ROOT_CLASS = YES_ERROR;
				CLANG_WARN_RANGE_LOOP_ANALYSIS = YES;
				CLANG_WARN_STRICT_PROTOTYPES = YES;
				CLANG_WARN_SUSPICIOUS_MOVE = YES;
				CLANG_WARN_UNGUARDED_AVAILABILITY = YES_AGGRESSIVE;
				CLANG_WARN_UNREACHABLE_CODE = YES;
				CLANG_WARN__DUPLICATE_METHOD_MATCH = YES;
				COPY_PHASE_STRIP = NO;
				DEBUG_INFORMATION_FORMAT = "dwarf-with-dsym";
				ENABLE_NS_ASSERTIONS = NO;
				ENABLE_STRICT_OBJC_MSGSEND = YES;
				GCC_C_LANGUAGE_STANDARD = gnu11;
				GCC_NO_COMMON_BLOCKS = YES;
				GCC_WARN_64_TO_32_BIT_CONVERSION = YES;
				GCC_WARN_ABOUT_RETURN_TYPE = YES_ERROR;
				GCC_WARN_UNDECLARED_SELECTOR = YES;
				GCC_WARN_UNINITIALIZED_AUTOS = YES_AGGRESSIVE;
				GCC_WARN_UNUSED_FUNCTION = YES;
				GCC_WARN_UNUSED_VARIABLE = YES;
				IPHONEOS_DEPLOYMENT_TARGET = 13.6;
				MTL_ENABLE_DEBUG_INFO = NO;
				MTL_FAST_MATH = YES;
				SDKROOT = iphoneos;
				SWIFT_COMPILATION_MODE = wholemodule;
				SWIFT_OPTIMIZATION_LEVEL = "-O";
				VALIDATE_PRODUCT = YES;
			};
			name = Release;
		};
		41156ECC25004D1600AD6AA3 /* Debug */ = {
			isa = XCBuildConfiguration;
			buildSettings = {
				ASSETCATALOG_COMPILER_APPICON_NAME = AppIcon;
				CODE_SIGN_STYLE = Automatic;
				DEVELOPMENT_TEAM = Z6KC2UFRV2;
				INFOPLIST_FILE = contacts/Info.plist;
				LD_RUNPATH_SEARCH_PATHS = (
					"$(inherited)",
					"@executable_path/Frameworks",
				);
				PRODUCT_BUNDLE_IDENTIFIER = com.ryniere.contacts;
				PRODUCT_NAME = "$(TARGET_NAME)";
				SWIFT_VERSION = 5.0;
				TARGETED_DEVICE_FAMILY = "1,2";
			};
			name = Debug;
		};
		41156ECD25004D1600AD6AA3 /* Release */ = {
			isa = XCBuildConfiguration;
			buildSettings = {
				ASSETCATALOG_COMPILER_APPICON_NAME = AppIcon;
				CODE_SIGN_STYLE = Automatic;
				DEVELOPMENT_TEAM = Z6KC2UFRV2;
				INFOPLIST_FILE = contacts/Info.plist;
				LD_RUNPATH_SEARCH_PATHS = (
					"$(inherited)",
					"@executable_path/Frameworks",
				);
				PRODUCT_BUNDLE_IDENTIFIER = com.ryniere.contacts;
				PRODUCT_NAME = "$(TARGET_NAME)";
				SWIFT_VERSION = 5.0;
				TARGETED_DEVICE_FAMILY = "1,2";
			};
			name = Release;
		};
		41156ECF25004D1600AD6AA3 /* Debug */ = {
			isa = XCBuildConfiguration;
			buildSettings = {
				ALWAYS_EMBED_SWIFT_STANDARD_LIBRARIES = YES;
				BUNDLE_LOADER = "$(TEST_HOST)";
				CODE_SIGN_STYLE = Automatic;
				DEVELOPMENT_TEAM = Z6KC2UFRV2;
				INFOPLIST_FILE = contactsTests/Info.plist;
				IPHONEOS_DEPLOYMENT_TARGET = 13.6;
				LD_RUNPATH_SEARCH_PATHS = (
					"$(inherited)",
					"@executable_path/Frameworks",
					"@loader_path/Frameworks",
				);
				PRODUCT_BUNDLE_IDENTIFIER = com.ryniere.contactsTests;
				PRODUCT_NAME = "$(TARGET_NAME)";
				SWIFT_VERSION = 5.0;
				TARGETED_DEVICE_FAMILY = "1,2";
				TEST_HOST = "$(BUILT_PRODUCTS_DIR)/mycontacts.app/mycontacts";
			};
			name = Debug;
		};
		41156ED025004D1600AD6AA3 /* Release */ = {
			isa = XCBuildConfiguration;
			buildSettings = {
				ALWAYS_EMBED_SWIFT_STANDARD_LIBRARIES = YES;
				BUNDLE_LOADER = "$(TEST_HOST)";
				CODE_SIGN_STYLE = Automatic;
				DEVELOPMENT_TEAM = Z6KC2UFRV2;
				INFOPLIST_FILE = contactsTests/Info.plist;
				IPHONEOS_DEPLOYMENT_TARGET = 13.6;
				LD_RUNPATH_SEARCH_PATHS = (
					"$(inherited)",
					"@executable_path/Frameworks",
					"@loader_path/Frameworks",
				);
				PRODUCT_BUNDLE_IDENTIFIER = com.ryniere.contactsTests;
				PRODUCT_NAME = "$(TARGET_NAME)";
				SWIFT_VERSION = 5.0;
				TARGETED_DEVICE_FAMILY = "1,2";
				TEST_HOST = "$(BUILT_PRODUCTS_DIR)/mycontacts.app/mycontacts";
			};
			name = Release;
		};
		41156ED225004D1600AD6AA3 /* Debug */ = {
			isa = XCBuildConfiguration;
			buildSettings = {
				ALWAYS_EMBED_SWIFT_STANDARD_LIBRARIES = YES;
				CODE_SIGN_STYLE = Automatic;
				DEVELOPMENT_TEAM = Z6KC2UFRV2;
				INFOPLIST_FILE = contactsUITests/Info.plist;
				LD_RUNPATH_SEARCH_PATHS = (
					"$(inherited)",
					"@executable_path/Frameworks",
					"@loader_path/Frameworks",
				);
				PRODUCT_BUNDLE_IDENTIFIER = com.ryniere.contactsUITests;
				PRODUCT_NAME = "$(TARGET_NAME)";
				SWIFT_VERSION = 5.0;
				TARGETED_DEVICE_FAMILY = "1,2";
				TEST_TARGET_NAME = contacts;
			};
			name = Debug;
		};
		41156ED325004D1600AD6AA3 /* Release */ = {
			isa = XCBuildConfiguration;
			buildSettings = {
				ALWAYS_EMBED_SWIFT_STANDARD_LIBRARIES = YES;
				CODE_SIGN_STYLE = Automatic;
				DEVELOPMENT_TEAM = Z6KC2UFRV2;
				INFOPLIST_FILE = contactsUITests/Info.plist;
				LD_RUNPATH_SEARCH_PATHS = (
					"$(inherited)",
					"@executable_path/Frameworks",
					"@loader_path/Frameworks",
				);
				PRODUCT_BUNDLE_IDENTIFIER = com.ryniere.contactsUITests;
				PRODUCT_NAME = "$(TARGET_NAME)";
				SWIFT_VERSION = 5.0;
				TARGETED_DEVICE_FAMILY = "1,2";
				TEST_TARGET_NAME = contacts;
			};
			name = Release;
		};
/* End XCBuildConfiguration section */

/* Begin XCConfigurationList section */
		41156E9C25004D1300AD6AA3 /* Build configuration list for PBXProject "mycontacts" */ = {
			isa = XCConfigurationList;
			buildConfigurations = (
				41156EC925004D1600AD6AA3 /* Debug */,
				41156ECA25004D1600AD6AA3 /* Release */,
			);
			defaultConfigurationIsVisible = 0;
			defaultConfigurationName = Release;
		};
		41156ECB25004D1600AD6AA3 /* Build configuration list for PBXNativeTarget "mycontacts" */ = {
			isa = XCConfigurationList;
			buildConfigurations = (
				41156ECC25004D1600AD6AA3 /* Debug */,
				41156ECD25004D1600AD6AA3 /* Release */,
			);
			defaultConfigurationIsVisible = 0;
			defaultConfigurationName = Release;
		};
		41156ECE25004D1600AD6AA3 /* Build configuration list for PBXNativeTarget "mycontactsTests" */ = {
			isa = XCConfigurationList;
			buildConfigurations = (
				41156ECF25004D1600AD6AA3 /* Debug */,
				41156ED025004D1600AD6AA3 /* Release */,
			);
			defaultConfigurationIsVisible = 0;
			defaultConfigurationName = Release;
		};
		41156ED125004D1600AD6AA3 /* Build configuration list for PBXNativeTarget "mycontactsUITests" */ = {
			isa = XCConfigurationList;
			buildConfigurations = (
				41156ED225004D1600AD6AA3 /* Debug */,
				41156ED325004D1600AD6AA3 /* Release */,
			);
			defaultConfigurationIsVisible = 0;
			defaultConfigurationName = Release;
		};
/* End XCConfigurationList section */
	};
	rootObject = 41156E9925004D1300AD6AA3 /* Project object */;
}
